PODS:
  - Alamofire (4.9.1)
  - SDWebImage (5.3.2):
    - SDWebImage/Core (= 5.3.2)
  - SDWebImage/Core (5.3.2)

DEPENDENCIES:
  - Alamofire
  - SDWebImage

SPEC REPOS:
  trunk:
    - Alamofire
    - SDWebImage

SPEC CHECKSUMS:
  Alamofire: 85e8a02c69d6020a0d734f6054870d7ecb75cf18
  SDWebImage: 6ac2eb96571bff96ecde31a987172c5934a0eb7d

PODFILE CHECKSUM: 701510bf02682887e5fd2728e51e25f9f59cb4ae

COCOAPODS: 1.9.3
